Microsoft Visual Studio Solution File, Format Version 12.00
# Visual Studio Version 17
VisualStudioVersion = 17.5.2.0
MinimumVisualStudioVersion = 10.0.40219.1
Project("{2150E333-8FDC-42A3-9474-1A3956D46DE8}") = "sketchshare-backend", "sketchshare-backend", "{77969169-716F-937C-D5AC-8EA60149053F}"
EndProject
Project("{FAE04EC0-301F-11D3-BF4B-00C04F79EFBC}") = "SketchShareApi", "sketchshare-backend\SketchShareApi\SketchShareApi.csproj", "{AA85CE49-007F-2E66-618A-0822DACBBEB3}"
EndProject
Global
	GlobalSection(SolutionConfigurationPlatforms) = preSolution
		Debug|Any CPU = Debug|Any CPU
		Release|Any CPU = Release|Any CPU
	EndGlobalSection
	GlobalSection(ProjectConfigurationPlatforms) = postSolution
		{AA85CE49-007F-2E66-618A-0822DACBBEB3}.Debug|Any CPU.ActiveCfg = Debug|Any CPU
		{AA85CE49-007F-2E66-618A-0822DACBBEB3}.Debug|Any CPU.Build.0 = Debug|Any CPU
		{AA85CE49-007F-2E66-618A-0822DACBBEB3}.Release|Any CPU.ActiveCfg = Release|Any CPU
		{AA85CE49-007F-2E66-618A-0822DACBBEB3}.Release|Any CPU.Build.0 = Release|Any CPU
	EndGlobalSection
	GlobalSection(SolutionProperties) = preSolution
		HideSolutionNode = FALSE
	EndGlobalSection
	GlobalSection(NestedProjects) = preSolution
		{AA85CE49-007F-2E66-618A-0822DACBBEB3} = {77969169-716F-937C-D5AC-8EA60149053F}
	EndGlobalSection
	GlobalSection(ExtensibilityGlobals) = postSolution
		SolutionGuid = {C1E08BA0-80C5-4282-BAF3-D94EC914BE5A}
	EndGlobalSection
EndGlobal
